{
  "name": "test",
  "version": "1.0.0",
  "lockfileVersion": 3,
  "requires": true,
  "packages": {
    "": {
      "name": "test",
      "version": "1.0.0",
      "license": "ISC",
      "dependencies": {
        "nodecalc-bhanu": "^1.0.0"
      }
    },
    "node_modules/nodecalc-bhanu": {
      "version": "1.0.0",
      "resolved": "https://registry.npmjs.org/nodecalc-bhanu/-/nodecalc-bhanu-1.0.0.tgz",
      "integrity": "sha512-Na5M750lFKejQVWFzXJLpGmyGgJrhVSlAa0+A37ywKWj80GVWGw571iCt5ZhuLtES62m2Og7zRcYXaerI064AQ==",
      "license": "ISC"
    }
  }
}
